lockfileVersion: '9.0'

settings:
  autoInstallPeers: true
  excludeLinksFromLockfile: false

importers:

  .:
    dependencies:
      iron-session:
        specifier: ^8.0.4
        version: 8.0.4

packages:

  cookie@0.7.2:
    resolution: {integrity: sha512-yki5XnKuf750l50uGTllt6kKILY4nQ1eNIQatoXEByZ5dWgnKqbnqmTrBE5B4N7lrMJKQ2ytWMiTO2o0v6Ew/w==}
    engines: {node: '>= 0.6'}

  iron-session@8.0.4:
    resolution: {integrity: sha512-9ivNnaKOd08osD0lJ3i6If23GFS2LsxyMU8Gf/uBUEgm8/8CC1hrrCHFDpMo3IFbpBgwoo/eairRsaD3c5itxA==}

  iron-webcrypto@1.2.1:
    resolution: {integrity: sha512-feOM6FaSr6rEABp/eDfVseKyTMDt+KGpeB35SkVn9Tyn0CqvVsY3EwI0v5i8nMHyJnzCIQf7nsy3p41TPkJZhg==}

  uncrypto@0.1.3:
    resolution: {integrity: sha512-Ql87qFHB3s/De2ClA9e0gsnS6zXG27SkTiSJwjCc9MebbfapQfuPzumMIUMi38ezPZVNFcHI9sUIepeQfw8J8Q==}

snapshots:

  cookie@0.7.2: {}

  iron-session@8.0.4:
    dependencies:
      cookie: 0.7.2
      iron-webcrypto: 1.2.1
      uncrypto: 0.1.3

  iron-webcrypto@1.2.1: {}

  uncrypto@0.1.3: {}
